
Microsoft Visual Studio Solution File, Format Version 12.00
# Visual Studio Version 17
VisualStudioVersion = 17.12.35728.132 d17.12
MinimumVisualStudioVersion = 10.0.40219.1
Project("{FAE04EC0-301F-11D3-BF4B-00C04F79EFBC}") = "04FactorialCalculator", "04FactorialCalculator\04FactorialCalculator.csproj", "{C8DCF905-8F2D-415E-85BA-77762B0C84BB}"
EndProject
Global
	GlobalSection(SolutionConfigurationPlatforms) = preSolution
		Debug|Any CPU = Debug|Any CPU
		Release|Any CPU = Release|Any CPU
	EndGlobalSection
	GlobalSection(ProjectConfigurationPlatforms) = postSolution
		{C8DCF905-8F2D-415E-85BA-77762B0C84BB}.Debug|Any CPU.ActiveCfg = Debug|Any CPU
		{C8DCF905-8F2D-415E-85BA-77762B0C84BB}.Debug|Any CPU.Build.0 = Debug|Any CPU
		{C8DCF905-8F2D-415E-85BA-77762B0C84BB}.Release|Any CPU.ActiveCfg = Release|Any CPU
		{C8DCF905-8F2D-415E-85BA-77762B0C84BB}.Release|Any CPU.Build.0 = Release|Any CPU
	EndGlobalSection
	GlobalSection(SolutionProperties) = preSolution
		HideSolutionNode = FALSE
	EndGlobalSection
EndGlobal
